
Microsoft Visual Studio Solution File, Format Version 12.00
# Visual Studio Version 17
VisualStudioVersion = 17.2.32630.192
MinimumVisualStudioVersion = 10.0.40219.1
Project("{FAE04EC0-301F-11D3-BF4B-00C04F79EFBC}") = "alistamentoMilitar", "alistamentoMilitar\alistamentoMilitar.csproj", "{ACCBBE6F-7E42-4E42-8843-E311DF6BE23E}"
EndProject
Global
	GlobalSection(SolutionConfigurationPlatforms) = preSolution
		Debug|Any CPU = Debug|Any CPU
		Release|Any CPU = Release|Any CPU
	EndGlobalSection
	GlobalSection(ProjectConfigurationPlatforms) = postSolution
		{ACCBBE6F-7E42-4E42-8843-E311DF6BE23E}.Debug|Any CPU.ActiveCfg = Debug|Any CPU
		{ACCBBE6F-7E42-4E42-8843-E311DF6BE23E}.Debug|Any CPU.Build.0 = Debug|Any CPU
		{ACCBBE6F-7E42-4E42-8843-E311DF6BE23E}.Release|Any CPU.ActiveCfg = Release|Any CPU
		{ACCBBE6F-7E42-4E42-8843-E311DF6BE23E}.Release|Any CPU.Build.0 = Release|Any CPU
	EndGlobalSection
	GlobalSection(SolutionProperties) = preSolution
		HideSolutionNode = FALSE
	EndGlobalSection
	GlobalSection(ExtensibilityGlobals) = postSolution
		SolutionGuid = {DCC61CB8-BBAB-415D-BB25-FF424AC37482}
	EndGlobalSection
EndGlobal
